#MicroXplorer Configuration settings - do not modify
Mcu.Family=STM32F1
NVIC.USART3_IRQn=true\:0\:0\:false\:false\:true\:true\:true
ProjectManager.MainLocation=Core/Src
Dma.TIM2_UP.0.PeriphDataAlignment=DMA_PDATAALIGN_HALFWORD
NVIC.ADC1_2_IRQn=true\:0\:0\:false\:false\:true\:true\:true
RCC.MCOFreq_Value=72000000
NVIC.CAN1_RX1_IRQn=true\:0\:0\:false\:false\:true\:true\:true
SH.S_TIM4_CH2.ConfNb=1
Dma.TIM2_UP.0.Direction=DMA_MEMORY_TO_PERIPH
ProjectManager.KeepUserCode=true
Mcu.UserName=STM32F107VCTx
Dma.TIM5_CH1.3.MemDataAlignment=DMA_MDATAALIGN_WORD
PB10.Mode=Asynchronous
ADC1.ContinuousConvMode=ENABLE
RCC.Prediv2=RCC_HSE_PREDIV2_DIV5
TIM1.IPParameters=Channel-PWM Generation3 CH3N,Prescaler,Period,OCFastMode_PWM-PWM Generation3 CH3N,OC3Preload_PWM,Pulse-PWM Generation3 CH3N,OCMode_1,TIM_MasterOutputTrigger,TIM_MasterSlaveMode,OC1Preload,Channel-Output Compare1 No Output
SH.ADCx_IN2.0=ADC1_IN2,IN2
RCC.PLLCLKFreq_Value=72000000
ProjectManager.functionlistsort=1-MX_GPIO_Init-GPIO-false-HAL-true,2-MX_DMA_Init-DMA-false-HAL-true,3-SystemClock_Config-RCC-false-HAL-false,4-MX_CAN1_Init-CAN1-false-HAL-true,5-MX_TIM4_Init-TIM4-false-HAL-true,6-MX_TIM2_Init-TIM2-false-HAL-true,7-MX_TIM3_Init-TIM3-false-HAL-true,8-MX_ADC1_Init-ADC1-false-HAL-true,9-MX_TIM1_Init-TIM1-false-HAL-true,10-MX_USART3_UART_Init-USART3-false-HAL-true,11-MX_TIM5_Init-TIM5-false-HAL-true
RCC.ADCFreqValue=12000000
PD6.Locked=true
PD0.Locked=true
Dma.TIM1_CH3.1.PeriphDataAlignment=DMA_PDATAALIGN_WORD
PB11.Signal=USART3_RX
PB15.Signal=TIM1_CH3N
PinOutPanel.RotationAngle=0
RCC.SYSCLKSource=RCC_SYSCLKSOURCE_PLLCLK
ProjectManager.StackSize=0x400
VP_TIM1_VS_no_output1.Mode=Output Compare1 No Output
Dma.TIM2_UP.0.MemInc=DMA_MINC_ENABLE
Dma.TIM2_UP.0.MemDataAlignment=DMA_MDATAALIGN_HALFWORD
Dma.TIM1_CH3.1.Instance=DMA1_Channel6
Dma.TIM5_CH1.3.MemInc=DMA_MINC_ENABLE
Mcu.IP4=RCC
RCC.FCLKCortexFreq_Value=72000000
Mcu.IP5=SYS
Mcu.IP2=DMA
NVIC.SVCall_IRQn=true\:0\:0\:false\:false\:true\:false\:false
Dma.TIM2_UP.0.Mode=DMA_CIRCULAR
Mcu.IP3=NVIC
Mcu.IP0=ADC1
Mcu.IP1=CAN1
TIM1.Prescaler=0
Mcu.UserConstants=
NVIC.CAN1_TX_IRQn=true\:0\:0\:false\:false\:true\:true\:true
Mcu.ThirdPartyNb=0
ADC1.Rank-11\#ChannelRegularConversion=3
RCC.HCLKFreq_Value=72000000
SH.ADCx_IN3.0=ADC1_IN3,IN3
Mcu.IPNb=12
TIM2.IPParameters=Prescaler,Channel-PWM Generation3 CH3,Period
ProjectManager.PreviousToolchain=STM32CubeIDE
RCC.APB2TimFreq_Value=72000000
TIM3.Period=100
ADC1.InjNumberOfConversion=3
Dma.TIM1_CH3.1.Mode=DMA_CIRCULAR
SH.ADCx_IN3.ConfNb=1
Mcu.Pin6=OSC_IN
PD0.Signal=CAN1_RX
Mcu.Pin7=OSC_OUT
VP_TIM2_VS_ClockSourceINT.Signal=TIM2_VS_ClockSourceINT
TIM1.OC1Preload=ENABLE
PE5.Signal=GPIO_Output
Mcu.Pin8=PA1
PE10.Locked=true
OSC_OUT.Mode=HSE-External-Oscillator
Mcu.Pin9=PA2
OSC_OUT.Signal=RCC_OSC_OUT
RCC.AHBFreq_Value=72000000
Mcu.Pin0=PE2
Mcu.Pin1=PE3
Mcu.Pin2=PE4
Mcu.Pin3=PE5
Mcu.Pin4=PC14-OSC32_IN
Mcu.Pin5=PC15-OSC32_OUT
ProjectManager.ProjectBuild=false
ADC1.ExternalTrigInjecConv=ADC_EXTERNALTRIGINJECCONV_T1_TRGO
NVIC.DMA2_Channel5_IRQn=true\:0\:0\:false\:false\:true\:false\:true
RCC.HSE_VALUE=25000000
NVIC.UsageFault_IRQn=true\:0\:0\:false\:false\:true\:false\:false
Dma.TIM2_UP.0.Priority=DMA_PRIORITY_LOW
RCC.PLL3CLKoutputFreqValue=40000000
NVIC.DebugMonitor_IRQn=true\:0\:0\:false\:false\:true\:false\:false
PB3.Mode=JTAG_4_pins
Mcu.IP10=TIM5
PA15.Mode=JTAG_4_pins
NVIC.SysTick_IRQn=true\:0\:0\:false\:false\:true\:false\:true
RCC.PLLMUL=RCC_PLL_MUL9
Mcu.IP11=USART3
ProjectManager.FirmwarePackage=STM32Cube FW_F1 V1.8.3
MxDb.Version=DB.6.0.20
Dma.ADC1.2.MemDataAlignment=DMA_MDATAALIGN_WORD
ProjectManager.BackupPrevious=false
VP_TIM1_VS_no_output1.Signal=TIM1_VS_no_output1
PC14-OSC32_IN.Mode=LSE-External-Oscillator
PA14.Mode=JTAG_4_pins
SH.ADCx_IN1.ConfNb=1
TIM3.Prescaler=35
NVIC.TIM2_IRQn=true\:0\:0\:false\:false\:true\:true\:true
File.Version=6
Dma.ADC1.2.Direction=DMA_PERIPH_TO_MEMORY
SH.S_TIM4_CH2.0=TIM4_CH2,PWM Generation2 CH2
PE3.Locked=true
PE2.Signal=GPIO_Output
PB7.Signal=S_TIM4_CH2
NVIC.PendSV_IRQn=true\:0\:0\:false\:false\:true\:false\:false
TIM4.Period=35000
PE10.Signal=GPIO_Output
PE4.Signal=GPIO_Output
Dma.RequestsNb=4
ProjectManager.HalAssertFull=false
VP_TIM1_VS_ClockSourceINT.Mode=Internal
ProjectManager.ProjectName=BUCK F107
RCC.Prediv1Source=RCC_PREDIV1_SOURCE_PLL2
CAN1.Prescaler=9
Mcu.Package=LQFP100
ADC1.SamplingTime-11\#ChannelRegularConversion=ADC_SAMPLETIME_1CYCLE_5
TIM2.Prescaler=35
ADC1.EnableInjectedConversion=DISABLE
RCC.I2S2Freq_Value=72000000
TIM5.OCMode_1=TIM_OCMODE_ACTIVE
TIM1.OCFastMode_PWM-PWM\ Generation3\ CH3N=TIM_OCFAST_DISABLE
ProjectManager.ToolChainLocation=
VP_SYS_VS_Systick.Signal=SYS_VS_Systick
ADC1.Channel-11\#ChannelRegularConversion=ADC_CHANNEL_3
USART3.IPParameters=VirtualMode
PA10.Signal=GPIO_Input
PA15.Signal=SYS_JTDI
RCC.PLL2CLKoutputFreqValue=40000000
SH.ADCx_IN1.0=ADC1_IN1,IN1
Dma.Request2=ADC1
Dma.Request1=TIM1_CH3
RCC.APB1TimFreq_Value=72000000
Dma.Request3=TIM5_CH1
NVIC.BusFault_IRQn=true\:0\:0\:false\:false\:true\:false\:false
Dma.TIM1_CH3.1.MemInc=DMA_MINC_ENABLE
TIM1.Period=35000
PD6.Signal=GPIO_Output
Dma.Request0=TIM2_UP
PD5.Locked=true
CAN1.CalculateTimeBit=4000.00
Dma.TIM1_CH3.1.PeriphInc=DMA_PINC_DISABLE
ProjectManager.CustomerFirmwarePackage=
VP_TIM3_VS_ClockSourceINT.Mode=Internal
Dma.TIM5_CH1.3.PeriphInc=DMA_PINC_DISABLE
PB15.Locked=true
Dma.ADC1.2.Mode=DMA_CIRCULAR
CAN1.CalculateTimeQuantum=250.0
PA3.Signal=ADCx_IN3
Dma.TIM5_CH1.3.RequestParameters=Instance,Direction,PeriphInc,MemInc,PeriphDataAlignment,MemDataAlignment,Mode,Priority
PA2.Locked=true
ADC1.Channel-10\#ChannelRegularConversion=ADC_CHANNEL_2
RCC.PLLSourceVirtual=RCC_PLLSOURCE_HSE
PC15-OSC32_OUT.Mode=LSE-External-Oscillator
NVIC.DMA1_Channel6_IRQn=true\:0\:0\:false\:false\:true\:false\:true
RCC.PLL3VCOoutputFreqValue=80000000
ProjectManager.ProjectFileName=BUCK F107.ioc
TIM5.IPParameters=Channel-Output Compare1 No Output,OCMode_1,OC1Preload
Mcu.PinsNb=33
ADC1.Rank-10\#ChannelRegularConversion=2
ProjectManager.NoMain=false
ADC1.IPParameters=EnableInjectedConversion,InjNumberOfConversion,ContinuousConvMode,EnableRegularConversion,master,ExternalTrigInjecConv,Rank-9\#ChannelRegularConversion,Channel-9\#ChannelRegularConversion,SamplingTime-9\#ChannelRegularConversion,NbrOfConversionFlag,Rank-10\#ChannelRegularConversion,Channel-10\#ChannelRegularConversion,SamplingTime-10\#ChannelRegularConversion,Rank-11\#ChannelRegularConversion,Channel-11\#ChannelRegularConversion,SamplingTime-11\#ChannelRegularConversion,NbrOfConversion,ExternalTrigConv
CAN1.IPParameters=CalculateTimeQuantum,CalculateTimeBit,Prescaler,BS1,BS2,CalculateBaudRate
Dma.ADC1.2.PeriphDataAlignment=DMA_PDATAALIGN_WORD
TIM1.Channel-Output\ Compare1\ No\ Output=TIM_CHANNEL_1
TIM1.OC3Preload_PWM=ENABLE
CAN1.CalculateBaudRate=250000
Dma.TIM5_CH1.3.Priority=DMA_PRIORITY_LOW
TIM1.OCMode_1=TIM_OCMODE_ACTIVE
PD1.Signal=CAN1_TX
ProjectManager.DefaultFWLocation=true
PD5.Signal=GPIO_Output
ProjectManager.DeletePrevious=true
RCC.APB1CLKDivider=RCC_HCLK_DIV2
PC14-OSC32_IN.Signal=RCC_OSC32_IN
PB10.Locked=true
RCC.FamilyName=M
RCC.I2S3Freq_Value=72000000
TIM5.Channel-Output\ Compare1\ No\ Output=TIM_CHANNEL_1
Dma.TIM5_CH1.3.Instance=DMA2_Channel5
Dma.TIM5_CH1.3.PeriphDataAlignment=DMA_PDATAALIGN_WORD
RCC.ADCPresc=RCC_ADCPCLK2_DIV6
PA13.Signal=SYS_JTMS-SWDIO
Dma.ADC1.2.MemInc=DMA_MINC_ENABLE
CAN1.BS2=CAN_BS2_2TQ
Dma.TIM2_UP.0.RequestParameters=Instance,Direction,PeriphInc,MemInc,PeriphDataAlignment,MemDataAlignment,Mode,Priority
TIM5.OC1Preload=ENABLE
PB11.Mode=Asynchronous
VP_TIM4_VS_ClockSourceINT.Signal=TIM4_VS_ClockSourceINT
CAN1.BS1=CAN_BS1_13TQ
NVIC.DMA1_Channel2_IRQn=true\:0\:0\:false\:false\:true\:false\:true
ProjectManager.TargetToolchain=STM32CubeIDE
TIM4.IPParameters=Prescaler,Period,Channel-PWM Generation2 CH2
PA9.Signal=GPIO_Input
VP_TIM1_VS_ClockSourceINT.Signal=TIM1_VS_ClockSourceINT
PE4.Locked=true
Dma.ADC1.2.RequestParameters=Instance,Direction,PeriphInc,MemInc,PeriphDataAlignment,MemDataAlignment,Mode,Priority
ProjectManager.RegisterCallBack=
OSC_IN.Signal=RCC_OSC_IN
RCC.USBFreq_Value=48000000
VP_TIM3_VS_ClockSourceINT.Signal=TIM3_VS_ClockSourceINT
TIM4.Prescaler=0
TIM1.Channel-PWM\ Generation3\ CH3N=TIM_CHANNEL_3
PC15-OSC32_OUT.Signal=RCC_OSC32_OUT
PA1.Signal=ADCx_IN1
PB10.Signal=USART3_TX
TIM1.Pulse-PWM\ Generation3\ CH3N=3500
VP_TIM5_VS_no_output1.Mode=Output Compare1 No Output
board=custom
ProjectManager.LastFirmware=true
PB15.Mode=PWM Generation3 CH3N
PD1.Mode=CAN_Activate
Dma.TIM1_CH3.1.RequestParameters=Instance,Direction,PeriphInc,MemInc,PeriphDataAlignment,MemDataAlignment,Mode,Priority
NVIC.TIM3_IRQn=true\:2\:0\:true\:false\:true\:true\:true
RCC.VCOOutput2Freq_Value=8000000
TIM1.TIM_MasterOutputTrigger=TIM_TRGO_OC1
TIM4.Channel-PWM\ Generation2\ CH2=TIM_CHANNEL_2
RCC.APB2Freq_Value=72000000
MxCube.Version=6.2.0
VP_TIM2_VS_ClockSourceINT.Mode=Internal
SH.ADCx_IN2.ConfNb=1
Mcu.Pin30=VP_TIM3_VS_ClockSourceINT
Dma.TIM5_CH1.3.Direction=DMA_MEMORY_TO_PERIPH
VP_SYS_VS_Systick.Mode=SysTick
TIM2.Channel-PWM\ Generation3\ CH3=TIM_CHANNEL_3
TIM3.IPParameters=Prescaler,Period
Mcu.Pin31=VP_TIM4_VS_ClockSourceINT
Mcu.Pin32=VP_TIM5_VS_no_output1
PA9.Locked=true
NVIC.NonMaskableInt_IRQn=true\:0\:0\:false\:false\:true\:false\:false
PE5.Locked=true
ADC1.SamplingTime-10\#ChannelRegularConversion=ADC_SAMPLETIME_1CYCLE_5
Dma.TIM1_CH3.1.Priority=DMA_PRIORITY_LOW
TIM2.Period=100
ADC1.Rank-9\#ChannelRegularConversion=1
ADC1.NbrOfConversion=3
PA13.Mode=JTAG_4_pins
ProjectManager.FreePins=false
RCC.IPParameters=ADCFreqValue,ADCPresc,AHBFreq_Value,APB1CLKDivider,APB1Freq_Value,APB1TimFreq_Value,APB2Freq_Value,APB2TimFreq_Value,FCLKCortexFreq_Value,FamilyName,HCLKFreq_Value,HSEDivPLL,HSE_VALUE,I2S2Freq_Value,I2S3Freq_Value,MCOFreq_Value,PLL2CLKoutputFreqValue,PLL2VCOoutputFreqValue,PLL3CLKoutputFreqValue,PLL3VCOoutputFreqValue,PLLCLKFreq_Value,PLLMUL,PLLSourceVirtual,Prediv1Source,Prediv2,Prediv2FreqValue,SYSCLKFreq_VALUE,SYSCLKSource,TimSysFreq_Value,USBFreq_Value,VCOOutput2Freq_Value
ProjectManager.AskForMigrate=true
Mcu.Name=STM32F107V(B-C)Tx
PD0.Mode=CAN_Activate
Mcu.Pin26=VP_SYS_VS_Systick
Mcu.Pin27=VP_TIM1_VS_ClockSourceINT
PA2.Signal=ADCx_IN2
Mcu.Pin24=PB3
Dma.ADC1.2.Instance=DMA1_Channel1
ProjectManager.UnderRoot=true
Mcu.Pin25=PB7
Mcu.IP8=TIM3
ADC1.Channel-9\#ChannelRegularConversion=ADC_CHANNEL_1
ADC1.ExternalTrigConv=ADC_EXTERNALTRIGCONV_T1_CC1
NVIC.TIM1_CC_IRQn=true\:0\:0\:false\:false\:true\:true\:true
Mcu.IP9=TIM4
Mcu.Pin28=VP_TIM1_VS_no_output1
Mcu.IP6=TIM1
Mcu.Pin29=VP_TIM2_VS_ClockSourceINT
Mcu.IP7=TIM2
ProjectManager.CoupleFile=true
PB3.Signal=SYS_JTDO
RCC.SYSCLKFreq_VALUE=72000000
Dma.ADC1.2.Priority=DMA_PRIORITY_LOW
Mcu.Pin22=PD5
Mcu.Pin23=PD6
RCC.TimSysFreq_Value=72000000
PA1.Locked=true
Mcu.Pin20=PD0
ADC1.master=1
Dma.TIM2_UP.0.PeriphInc=DMA_PINC_DISABLE
Mcu.Pin21=PD1
PA3.Locked=true
PA10.Locked=true
Dma.ADC1.2.PeriphInc=DMA_PINC_DISABLE
NVIC.ForceEnableDMAVector=true
KeepUserPlacement=false
OSC_IN.Mode=HSE-External-Oscillator
USART3.VirtualMode=VM_ASYNC
RCC.HSEDivPLL=RCC_HSE_PREDIV_DIV5
NVIC.MemoryManagement_IRQn=true\:0\:0\:false\:false\:true\:false\:false
ProjectManager.CompilerOptimize=6
PA14.Signal=SYS_JTCK-SWCLK
ProjectManager.HeapSize=0x200
Mcu.Pin15=PA9
NVIC.HardFault_IRQn=true\:0\:0\:false\:false\:true\:false\:false
Mcu.Pin16=PA10
Mcu.Pin13=PB11
Mcu.Pin14=PB15
Mcu.Pin19=PA15
ProjectManager.ComputerToolchain=false
Mcu.Pin17=PA13
Mcu.Pin18=PA14
VP_TIM4_VS_ClockSourceINT.Mode=Internal
NVIC.PriorityGroup=NVIC_PRIORITYGROUP_4
ADC1.NbrOfConversionFlag=1
Mcu.Pin11=PE10
VP_TIM5_VS_no_output1.Signal=TIM5_VS_no_output1
Mcu.Pin12=PB10
Mcu.Pin10=PA3
ADC1.EnableRegularConversion=ENABLE
PB7.Locked=true
PE2.Locked=true
PE3.Signal=GPIO_Output
Dma.TIM1_CH3.1.MemDataAlignment=DMA_MDATAALIGN_WORD
ADC1.SamplingTime-9\#ChannelRegularConversion=ADC_SAMPLETIME_1CYCLE_5
NVIC.DMA1_Channel1_IRQn=true\:0\:0\:false\:false\:true\:false\:true
NVIC.TIM4_IRQn=true\:1\:0\:true\:false\:true\:true\:true
Dma.TIM5_CH1.3.Mode=DMA_CIRCULAR
RCC.APB1Freq_Value=36000000
PD1.Locked=true
RCC.PLL2VCOoutputFreqValue=80000000
PB11.Locked=true
ProjectManager.DeviceId=STM32F107VCTx
Dma.TIM1_CH3.1.Direction=DMA_MEMORY_TO_PERIPH
ProjectManager.LibraryCopy=1
NVIC.CAN1_RX0_IRQn=true\:0\:0\:false\:false\:true\:true\:true
TIM1.TIM_MasterSlaveMode=TIM_MASTERSLAVEMODE_DISABLE
RCC.Prediv2FreqValue=5000000
Dma.TIM2_UP.0.Instance=DMA1_Channel2
isbadioc=true
